
Microsoft Visual Studio Solution File, Format Version 12.00
# Visual Studio 15
VisualStudioVersion = 15.0.27130.2036
MinimumVisualStudioVersion = 10.0.40219.1
Project("{9A19103F-16F7-4668-BE54-9A1E7A4F7556}") = "FastSQL.Core", "FastSQL.Core\FastSQL.Core.csproj", "{B3B25279-44C1-4818-A57F-07E29F30E1BE}"
EndProject
Project("{9A19103F-16F7-4668-BE54-9A1E7A4F7556}") = "FastSQL.MsAccess", "FastSQL.MsAccess\FastSQL.MsAccess.csproj", "{AF95FFE6-FB01-4F00-AB2A-23D5B603E85D}"
EndProject
Project("{9A19103F-16F7-4668-BE54-9A1E7A4F7556}") = "FastSQL.MySQL", "FastSQL.MySQL\FastSQL.MySQL.csproj", "{7E32ED92-9A98-4DBF-9AC3-701B69EF71DC}"
EndProject
Project("{9A19103F-16F7-4668-BE54-9A1E7A4F7556}") = "FastSQL.MsSql", "FastSQL.MsSql\FastSQL.MsSql.csproj", "{5B2A824B-0FC1-43F2-AF01-10F7EFF78C64}"
EndProject
Project("{FAE04EC0-301F-11D3-BF4B-00C04F79EFBC}") = "FastSQL.API", "FastSQL.API\FastSQL.API.csproj", "{DF4E61CA-CC60-4E84-8ACD-AFA7083F4ECC}"
EndProject
Global
	GlobalSection(SolutionConfigurationPlatforms) = preSolution
		Debug|Any CPU = Debug|Any CPU
		Release|Any CPU = Release|Any CPU
	EndGlobalSection
	GlobalSection(ProjectConfigurationPlatforms) = postSolution
		{B3B25279-44C1-4818-A57F-07E29F30E1BE}.Debug|Any CPU.ActiveCfg = Debug|Any CPU
		{B3B25279-44C1-4818-A57F-07E29F30E1BE}.Debug|Any CPU.Build.0 = Debug|Any CPU
		{B3B25279-44C1-4818-A57F-07E29F30E1BE}.Release|Any CPU.ActiveCfg = Release|Any CPU
		{B3B25279-44C1-4818-A57F-07E29F30E1BE}.Release|Any CPU.Build.0 = Release|Any CPU
		{AF95FFE6-FB01-4F00-AB2A-23D5B603E85D}.Debug|Any CPU.ActiveCfg = Debug|Any CPU
		{AF95FFE6-FB01-4F00-AB2A-23D5B603E85D}.Debug|Any CPU.Build.0 = Debug|Any CPU
		{AF95FFE6-FB01-4F00-AB2A-23D5B603E85D}.Release|Any CPU.ActiveCfg = Release|Any CPU
		{AF95FFE6-FB01-4F00-AB2A-23D5B603E85D}.Release|Any CPU.Build.0 = Release|Any CPU
		{7E32ED92-9A98-4DBF-9AC3-701B69EF71DC}.Debug|Any CPU.ActiveCfg = Debug|Any CPU
		{7E32ED92-9A98-4DBF-9AC3-701B69EF71DC}.Debug|Any CPU.Build.0 = Debug|Any CPU
		{7E32ED92-9A98-4DBF-9AC3-701B69EF71DC}.Release|Any CPU.ActiveCfg = Release|Any CPU
		{7E32ED92-9A98-4DBF-9AC3-701B69EF71DC}.Release|Any CPU.Build.0 = Release|Any CPU
		{5B2A824B-0FC1-43F2-AF01-10F7EFF78C64}.Debug|Any CPU.ActiveCfg = Debug|Any CPU
		{5B2A824B-0FC1-43F2-AF01-10F7EFF78C64}.Debug|Any CPU.Build.0 = Debug|Any CPU
		{5B2A824B-0FC1-43F2-AF01-10F7EFF78C64}.Release|Any CPU.ActiveCfg = Release|Any CPU
		{5B2A824B-0FC1-43F2-AF01-10F7EFF78C64}.Release|Any CPU.Build.0 = Release|Any CPU
		{DF4E61CA-CC60-4E84-8ACD-AFA7083F4ECC}.Debug|Any CPU.ActiveCfg = Debug|Any CPU
		{DF4E61CA-CC60-4E84-8ACD-AFA7083F4ECC}.Debug|Any CPU.Build.0 = Debug|Any CPU
		{DF4E61CA-CC60-4E84-8ACD-AFA7083F4ECC}.Release|Any CPU.ActiveCfg = Release|Any CPU
		{DF4E61CA-CC60-4E84-8ACD-AFA7083F4ECC}.Release|Any CPU.Build.0 = Release|Any CPU
	EndGlobalSection
	GlobalSection(SolutionProperties) = preSolution
		HideSolutionNode = FALSE
	EndGlobalSection
	GlobalSection(ExtensibilityGlobals) = postSolution
		SolutionGuid = {D1161694-1EBB-4E3D-B311-89EE8666CAE8}
	EndGlobalSection
EndGlobal
