
Microsoft Visual Studio Solution File, Format Version 12.00
# Visual Studio 15
VisualStudioVersion = 15.0.27130.2036
MinimumVisualStudioVersion = 10.0.40219.1
Project("{9A19103F-16F7-4668-BE54-9A1E7A4F7556}") = "FastSQL.Core", "FastSQL.Core\FastSQL.Core.csproj", "{B3B25279-44C1-4818-A57F-07E29F30E1BE}"
EndProject
Project("{9A19103F-16F7-4668-BE54-9A1E7A4F7556}") = "FastSQL.API", "FastSQL.API\FastSQL.API.csproj", "{DF4E61CA-CC60-4E84-8ACD-AFA7083F4ECC}"
EndProject
Project("{2150E333-8FDC-42A3-9474-1A3956D46DE8}") = "Sync", "Sync", "{5D885AB1-DFB2-410F-82A8-A8490E8FFFD4}"
EndProject
Project("{2150E333-8FDC-42A3-9474-1A3956D46DE8}") = "Vendors", "Vendors", "{89B2656F-4E26-4410-8239-FE3A986A3059}"
EndProject
Project("{2150E333-8FDC-42A3-9474-1A3956D46DE8}") = "MsAccess", "MsAccess", "{64D0DEDA-4623-4E06-914C-4EB4AE181263}"
EndProject
Project("{2150E333-8FDC-42A3-9474-1A3956D46DE8}") = "MsSql", "MsSql", "{DFAED563-4168-4BE0-8DA0-D5125D432549}"
EndProject
Project("{2150E333-8FDC-42A3-9474-1A3956D46DE8}") = "MySQL", "MySQL", "{F65150E2-A43E-4308-84BA-436EEE0DE569}"
EndProject
Project("{9A19103F-16F7-4668-BE54-9A1E7A4F7556}") = "FastSQL.MsAccess", "Vendors\MsAccess\FastSQL.MsAccess\FastSQL.MsAccess.csproj", "{F02699C3-C154-4A3B-8869-8FC08F5E9C25}"
EndProject
Project("{9A19103F-16F7-4668-BE54-9A1E7A4F7556}") = "FastSQL.MsSql", "Vendors\MsSql\FastSQL.MsSql\FastSQL.MsSql.csproj", "{0C45C49C-718F-4E3A-8E95-43DBCEB68EAA}"
EndProject
Project("{9A19103F-16F7-4668-BE54-9A1E7A4F7556}") = "FastSQL.MySQL", "Vendors\MySQL\FastSQL.MySQL\FastSQL.MySQL.csproj", "{6C9BE860-DC6C-4330-906F-D07D12CC650C}"
EndProject
Project("{9A19103F-16F7-4668-BE54-9A1E7A4F7556}") = "FastSQL.Sync.Core", "Sync\FastSQL.Sync.Core\FastSQL.Sync.Core.csproj", "{582CB864-2FC8-40CE-9BD5-3D1470274352}"
EndProject
Project("{2150E333-8FDC-42A3-9474-1A3956D46DE8}") = "Magento1", "Magento1", "{539C81A4-ACAD-4711-BDE1-C0AD825BC00F}"
EndProject
Project("{2150E333-8FDC-42A3-9474-1A3956D46DE8}") = "Magento2", "Magento2", "{4AFD6CD8-5961-4870-A1C8-9DC2474E79A6}"
EndProject
Project("{2150E333-8FDC-42A3-9474-1A3956D46DE8}") = "Postgre", "Postgre", "{CD233607-B110-4586-BF20-5D7A398B1F97}"
EndProject
Project("{2150E333-8FDC-42A3-9474-1A3956D46DE8}") = "Oracle", "Oracle", "{76C3CAEF-338B-45EA-961F-3D99AC339B74}"
EndProject
Project("{9A19103F-16F7-4668-BE54-9A1E7A4F7556}") = "FastSQL.Magento2", "Vendors\Magento2\FastSQL.Magento2\FastSQL.Magento2.csproj", "{021F3080-78C2-4817-8B23-0A5BBDEC4264}"
EndProject
Project("{9A19103F-16F7-4668-BE54-9A1E7A4F7556}") = "FastSQL.MsSql.Integration", "Vendors\MsSql\FastSQL.MsSql.Integration\FastSQL.MsSql.Integration.csproj", "{5355C53A-1A8B-4E54-931F-5C4C72E3CB3A}"
EndProject
Project("{9A19103F-16F7-4668-BE54-9A1E7A4F7556}") = "FastSQL.Magento2.Integration", "Vendors\Magento2\FastSQL.Magento2.Integration\FastSQL.Magento2.Integration.csproj", "{5E529747-6CA5-4785-BE76-3B5282494F6D}"
EndProject
Project("{2150E333-8FDC-42A3-9474-1A3956D46DE8}") = "Core", "Core", "{2B32EDB2-A3FE-4BC6-8420-C8C498E433A4}"
EndProject
Project("{FAE04EC0-301F-11D3-BF4B-00C04F79EFBC}") = "FastSQL.App", "FastSQL.App\FastSQL.App.csproj", "{4ED2CCF9-AC5F-4032-A9BC-1C194EAB4F7E}"
EndProject
Project("{9A19103F-16F7-4668-BE54-9A1E7A4F7556}") = "FastSQL.Core.UI", "FastSQL.Core.UI\FastSQL.Core.UI.csproj", "{880E9FE2-B578-4C18-84B1-25B3EBB1B6A8}"
EndProject
Project("{FAE04EC0-301F-11D3-BF4B-00C04F79EFBC}") = "FastSQL.Magento1", "Vendors\Magento1\FastSQL.Magento1\FastSQL.Magento1.csproj", "{A771F01B-69C2-4F4F-AC0C-50FA0D646662}"
EndProject
Project("{9A19103F-16F7-4668-BE54-9A1E7A4F7556}") = "FastSQL.MySQL.Integration", "Vendors\MySQL\FastSQL.MySQL.Integration\FastSQL.MySQL.Integration.csproj", "{22F46899-3FBA-4DCA-8747-893E0288CB5E}"
EndProject
Project("{9A19103F-16F7-4668-BE54-9A1E7A4F7556}") = "FastSQL.Magento1.Integration", "Vendors\Magento1\FastSQL.Magento1.Integration\FastSQL.Magento1.Integration.csproj", "{4C2D1D9B-DBFC-4412-B756-7E823EA50102}"
EndProject
Project("{9A19103F-16F7-4668-BE54-9A1E7A4F7556}") = "FastSQL.Service", "FastSQL.Service\FastSQL.Service.csproj", "{E3B3259E-2F4A-4147-8D3F-B65ACE954374}"
EndProject
Project("{2150E333-8FDC-42A3-9474-1A3956D46DE8}") = "3rd", "3rd", "{6928798A-A8E4-4768-9665-3651226903B1}"
EndProject
Project("{9A19103F-16F7-4668-BE54-9A1E7A4F7556}") = "Castle.Windsor.ServiceCollection", "3rd\Castle.Windsor.ServiceCollection\Castle.Windsor.ServiceCollection.csproj", "{782E7B65-2FAE-4BE1-AAB8-C43EDF07E632}"
EndProject
Project("{9A19103F-16F7-4668-BE54-9A1E7A4F7556}") = "WorkflowCore.Extensions.WorkflowController", "3rd\WorkflowCore.Extensions.WorkflowController\WorkflowCore.Extensions.WorkflowController.csproj", "{AECFA335-CEA7-4732-8421-3399E3330C70}"
EndProject
Project("{9A19103F-16F7-4668-BE54-9A1E7A4F7556}") = "Castle.Windsor.InstallerPriority", "3rd\Castle.Windsor.InstallerPriority\Castle.Windsor.InstallerPriority.csproj", "{5EA55567-A6D8-43EB-9F1D-A0DCA3BF7CE6}"
EndProject
Project("{9A19103F-16F7-4668-BE54-9A1E7A4F7556}") = "FastSQL.Sync.Core.Settings", "Sync\FastSQL.Sync.Core.Settings\FastSQL.Sync.Core.Settings.csproj", "{8984C65B-E4C2-44D3-A96D-C5C9604FBF7D}"
EndProject
Project("{9A19103F-16F7-4668-BE54-9A1E7A4F7556}") = "FastSQL.Sync.Workflow", "Sync\FastSQL.Sync.Workflow\FastSQL.Sync.Workflow.csproj", "{4C2762DE-A443-410A-8763-4CC7549EA3CB}"
EndProject
Project("{9A19103F-16F7-4668-BE54-9A1E7A4F7556}") = "FastSQL.MsAccess.Integration", "Vendors\MsAccess\FastSQL.MsAccess.Integration\FastSQL.MsAccess.Integration.csproj", "{8FD32458-5CFF-44BE-A031-E6B2D2B0ED74}"
EndProject
Global
	GlobalSection(SolutionConfigurationPlatforms) = preSolution
		Debug|Any CPU = Debug|Any CPU
		Release|Any CPU = Release|Any CPU
	EndGlobalSection
	GlobalSection(ProjectConfigurationPlatforms) = postSolution
		{B3B25279-44C1-4818-A57F-07E29F30E1BE}.Debug|Any CPU.ActiveCfg = Debug|Any CPU
		{B3B25279-44C1-4818-A57F-07E29F30E1BE}.Debug|Any CPU.Build.0 = Debug|Any CPU
		{B3B25279-44C1-4818-A57F-07E29F30E1BE}.Release|Any CPU.ActiveCfg = Release|Any CPU
		{B3B25279-44C1-4818-A57F-07E29F30E1BE}.Release|Any CPU.Build.0 = Release|Any CPU
		{DF4E61CA-CC60-4E84-8ACD-AFA7083F4ECC}.Debug|Any CPU.ActiveCfg = Debug|Any CPU
		{DF4E61CA-CC60-4E84-8ACD-AFA7083F4ECC}.Debug|Any CPU.Build.0 = Debug|Any CPU
		{DF4E61CA-CC60-4E84-8ACD-AFA7083F4ECC}.Release|Any CPU.ActiveCfg = Release|Any CPU
		{DF4E61CA-CC60-4E84-8ACD-AFA7083F4ECC}.Release|Any CPU.Build.0 = Release|Any CPU
		{F02699C3-C154-4A3B-8869-8FC08F5E9C25}.Debug|Any CPU.ActiveCfg = Debug|Any CPU
		{F02699C3-C154-4A3B-8869-8FC08F5E9C25}.Debug|Any CPU.Build.0 = Debug|Any CPU
		{F02699C3-C154-4A3B-8869-8FC08F5E9C25}.Release|Any CPU.ActiveCfg = Release|Any CPU
		{F02699C3-C154-4A3B-8869-8FC08F5E9C25}.Release|Any CPU.Build.0 = Release|Any CPU
		{0C45C49C-718F-4E3A-8E95-43DBCEB68EAA}.Debug|Any CPU.ActiveCfg = Debug|Any CPU
		{0C45C49C-718F-4E3A-8E95-43DBCEB68EAA}.Debug|Any CPU.Build.0 = Debug|Any CPU
		{0C45C49C-718F-4E3A-8E95-43DBCEB68EAA}.Release|Any CPU.ActiveCfg = Release|Any CPU
		{0C45C49C-718F-4E3A-8E95-43DBCEB68EAA}.Release|Any CPU.Build.0 = Release|Any CPU
		{6C9BE860-DC6C-4330-906F-D07D12CC650C}.Debug|Any CPU.ActiveCfg = Debug|Any CPU
		{6C9BE860-DC6C-4330-906F-D07D12CC650C}.Debug|Any CPU.Build.0 = Debug|Any CPU
		{6C9BE860-DC6C-4330-906F-D07D12CC650C}.Release|Any CPU.ActiveCfg = Release|Any CPU
		{6C9BE860-DC6C-4330-906F-D07D12CC650C}.Release|Any CPU.Build.0 = Release|Any CPU
		{582CB864-2FC8-40CE-9BD5-3D1470274352}.Debug|Any CPU.ActiveCfg = Debug|Any CPU
		{582CB864-2FC8-40CE-9BD5-3D1470274352}.Debug|Any CPU.Build.0 = Debug|Any CPU
		{582CB864-2FC8-40CE-9BD5-3D1470274352}.Release|Any CPU.ActiveCfg = Release|Any CPU
		{582CB864-2FC8-40CE-9BD5-3D1470274352}.Release|Any CPU.Build.0 = Release|Any CPU
		{021F3080-78C2-4817-8B23-0A5BBDEC4264}.Debug|Any CPU.ActiveCfg = Debug|Any CPU
		{021F3080-78C2-4817-8B23-0A5BBDEC4264}.Debug|Any CPU.Build.0 = Debug|Any CPU
		{021F3080-78C2-4817-8B23-0A5BBDEC4264}.Release|Any CPU.ActiveCfg = Release|Any CPU
		{021F3080-78C2-4817-8B23-0A5BBDEC4264}.Release|Any CPU.Build.0 = Release|Any CPU
		{5355C53A-1A8B-4E54-931F-5C4C72E3CB3A}.Debug|Any CPU.ActiveCfg = Debug|Any CPU
		{5355C53A-1A8B-4E54-931F-5C4C72E3CB3A}.Debug|Any CPU.Build.0 = Debug|Any CPU
		{5355C53A-1A8B-4E54-931F-5C4C72E3CB3A}.Release|Any CPU.ActiveCfg = Release|Any CPU
		{5355C53A-1A8B-4E54-931F-5C4C72E3CB3A}.Release|Any CPU.Build.0 = Release|Any CPU
		{5E529747-6CA5-4785-BE76-3B5282494F6D}.Debug|Any CPU.ActiveCfg = Debug|Any CPU
		{5E529747-6CA5-4785-BE76-3B5282494F6D}.Debug|Any CPU.Build.0 = Debug|Any CPU
		{5E529747-6CA5-4785-BE76-3B5282494F6D}.Release|Any CPU.ActiveCfg = Release|Any CPU
		{5E529747-6CA5-4785-BE76-3B5282494F6D}.Release|Any CPU.Build.0 = Release|Any CPU
		{4ED2CCF9-AC5F-4032-A9BC-1C194EAB4F7E}.Debug|Any CPU.ActiveCfg = Debug|Any CPU
		{4ED2CCF9-AC5F-4032-A9BC-1C194EAB4F7E}.Debug|Any CPU.Build.0 = Debug|Any CPU
		{4ED2CCF9-AC5F-4032-A9BC-1C194EAB4F7E}.Release|Any CPU.ActiveCfg = Release|Any CPU
		{4ED2CCF9-AC5F-4032-A9BC-1C194EAB4F7E}.Release|Any CPU.Build.0 = Release|Any CPU
		{880E9FE2-B578-4C18-84B1-25B3EBB1B6A8}.Debug|Any CPU.ActiveCfg = Debug|Any CPU
		{880E9FE2-B578-4C18-84B1-25B3EBB1B6A8}.Debug|Any CPU.Build.0 = Debug|Any CPU
		{880E9FE2-B578-4C18-84B1-25B3EBB1B6A8}.Release|Any CPU.ActiveCfg = Release|Any CPU
		{880E9FE2-B578-4C18-84B1-25B3EBB1B6A8}.Release|Any CPU.Build.0 = Release|Any CPU
		{A771F01B-69C2-4F4F-AC0C-50FA0D646662}.Debug|Any CPU.ActiveCfg = Debug|Any CPU
		{A771F01B-69C2-4F4F-AC0C-50FA0D646662}.Debug|Any CPU.Build.0 = Debug|Any CPU
		{A771F01B-69C2-4F4F-AC0C-50FA0D646662}.Release|Any CPU.ActiveCfg = Release|Any CPU
		{A771F01B-69C2-4F4F-AC0C-50FA0D646662}.Release|Any CPU.Build.0 = Release|Any CPU
		{22F46899-3FBA-4DCA-8747-893E0288CB5E}.Debug|Any CPU.ActiveCfg = Debug|Any CPU
		{22F46899-3FBA-4DCA-8747-893E0288CB5E}.Debug|Any CPU.Build.0 = Debug|Any CPU
		{22F46899-3FBA-4DCA-8747-893E0288CB5E}.Release|Any CPU.ActiveCfg = Release|Any CPU
		{22F46899-3FBA-4DCA-8747-893E0288CB5E}.Release|Any CPU.Build.0 = Release|Any CPU
		{4C2D1D9B-DBFC-4412-B756-7E823EA50102}.Debug|Any CPU.ActiveCfg = Debug|Any CPU
		{4C2D1D9B-DBFC-4412-B756-7E823EA50102}.Debug|Any CPU.Build.0 = Debug|Any CPU
		{4C2D1D9B-DBFC-4412-B756-7E823EA50102}.Release|Any CPU.ActiveCfg = Release|Any CPU
		{4C2D1D9B-DBFC-4412-B756-7E823EA50102}.Release|Any CPU.Build.0 = Release|Any CPU
		{E3B3259E-2F4A-4147-8D3F-B65ACE954374}.Debug|Any CPU.ActiveCfg = Debug|Any CPU
		{E3B3259E-2F4A-4147-8D3F-B65ACE954374}.Debug|Any CPU.Build.0 = Debug|Any CPU
		{E3B3259E-2F4A-4147-8D3F-B65ACE954374}.Release|Any CPU.ActiveCfg = Release|Any CPU
		{E3B3259E-2F4A-4147-8D3F-B65ACE954374}.Release|Any CPU.Build.0 = Release|Any CPU
		{782E7B65-2FAE-4BE1-AAB8-C43EDF07E632}.Debug|Any CPU.ActiveCfg = Debug|Any CPU
		{782E7B65-2FAE-4BE1-AAB8-C43EDF07E632}.Debug|Any CPU.Build.0 = Debug|Any CPU
		{782E7B65-2FAE-4BE1-AAB8-C43EDF07E632}.Release|Any CPU.ActiveCfg = Release|Any CPU
		{782E7B65-2FAE-4BE1-AAB8-C43EDF07E632}.Release|Any CPU.Build.0 = Release|Any CPU
		{AECFA335-CEA7-4732-8421-3399E3330C70}.Debug|Any CPU.ActiveCfg = Debug|Any CPU
		{AECFA335-CEA7-4732-8421-3399E3330C70}.Debug|Any CPU.Build.0 = Debug|Any CPU
		{AECFA335-CEA7-4732-8421-3399E3330C70}.Release|Any CPU.ActiveCfg = Release|Any CPU
		{AECFA335-CEA7-4732-8421-3399E3330C70}.Release|Any CPU.Build.0 = Release|Any CPU
		{5EA55567-A6D8-43EB-9F1D-A0DCA3BF7CE6}.Debug|Any CPU.ActiveCfg = Debug|Any CPU
		{5EA55567-A6D8-43EB-9F1D-A0DCA3BF7CE6}.Debug|Any CPU.Build.0 = Debug|Any CPU
		{5EA55567-A6D8-43EB-9F1D-A0DCA3BF7CE6}.Release|Any CPU.ActiveCfg = Release|Any CPU
		{5EA55567-A6D8-43EB-9F1D-A0DCA3BF7CE6}.Release|Any CPU.Build.0 = Release|Any CPU
		{8984C65B-E4C2-44D3-A96D-C5C9604FBF7D}.Debug|Any CPU.ActiveCfg = Debug|Any CPU
		{8984C65B-E4C2-44D3-A96D-C5C9604FBF7D}.Debug|Any CPU.Build.0 = Debug|Any CPU
		{8984C65B-E4C2-44D3-A96D-C5C9604FBF7D}.Release|Any CPU.ActiveCfg = Release|Any CPU
		{8984C65B-E4C2-44D3-A96D-C5C9604FBF7D}.Release|Any CPU.Build.0 = Release|Any CPU
		{4C2762DE-A443-410A-8763-4CC7549EA3CB}.Debug|Any CPU.ActiveCfg = Debug|Any CPU
		{4C2762DE-A443-410A-8763-4CC7549EA3CB}.Debug|Any CPU.Build.0 = Debug|Any CPU
		{4C2762DE-A443-410A-8763-4CC7549EA3CB}.Release|Any CPU.ActiveCfg = Release|Any CPU
		{4C2762DE-A443-410A-8763-4CC7549EA3CB}.Release|Any CPU.Build.0 = Release|Any CPU
		{8FD32458-5CFF-44BE-A031-E6B2D2B0ED74}.Debug|Any CPU.ActiveCfg = Debug|Any CPU
		{8FD32458-5CFF-44BE-A031-E6B2D2B0ED74}.Debug|Any CPU.Build.0 = Debug|Any CPU
		{8FD32458-5CFF-44BE-A031-E6B2D2B0ED74}.Release|Any CPU.ActiveCfg = Release|Any CPU
		{8FD32458-5CFF-44BE-A031-E6B2D2B0ED74}.Release|Any CPU.Build.0 = Release|Any CPU
	EndGlobalSection
	GlobalSection(SolutionProperties) = preSolution
		HideSolutionNode = FALSE
	EndGlobalSection
	GlobalSection(NestedProjects) = preSolution
		{B3B25279-44C1-4818-A57F-07E29F30E1BE} = {2B32EDB2-A3FE-4BC6-8420-C8C498E433A4}
		{64D0DEDA-4623-4E06-914C-4EB4AE181263} = {89B2656F-4E26-4410-8239-FE3A986A3059}
		{DFAED563-4168-4BE0-8DA0-D5125D432549} = {89B2656F-4E26-4410-8239-FE3A986A3059}
		{F65150E2-A43E-4308-84BA-436EEE0DE569} = {89B2656F-4E26-4410-8239-FE3A986A3059}
		{F02699C3-C154-4A3B-8869-8FC08F5E9C25} = {64D0DEDA-4623-4E06-914C-4EB4AE181263}
		{0C45C49C-718F-4E3A-8E95-43DBCEB68EAA} = {DFAED563-4168-4BE0-8DA0-D5125D432549}
		{6C9BE860-DC6C-4330-906F-D07D12CC650C} = {F65150E2-A43E-4308-84BA-436EEE0DE569}
		{582CB864-2FC8-40CE-9BD5-3D1470274352} = {5D885AB1-DFB2-410F-82A8-A8490E8FFFD4}
		{539C81A4-ACAD-4711-BDE1-C0AD825BC00F} = {89B2656F-4E26-4410-8239-FE3A986A3059}
		{4AFD6CD8-5961-4870-A1C8-9DC2474E79A6} = {89B2656F-4E26-4410-8239-FE3A986A3059}
		{CD233607-B110-4586-BF20-5D7A398B1F97} = {89B2656F-4E26-4410-8239-FE3A986A3059}
		{76C3CAEF-338B-45EA-961F-3D99AC339B74} = {89B2656F-4E26-4410-8239-FE3A986A3059}
		{021F3080-78C2-4817-8B23-0A5BBDEC4264} = {4AFD6CD8-5961-4870-A1C8-9DC2474E79A6}
		{5355C53A-1A8B-4E54-931F-5C4C72E3CB3A} = {DFAED563-4168-4BE0-8DA0-D5125D432549}
		{5E529747-6CA5-4785-BE76-3B5282494F6D} = {4AFD6CD8-5961-4870-A1C8-9DC2474E79A6}
		{880E9FE2-B578-4C18-84B1-25B3EBB1B6A8} = {2B32EDB2-A3FE-4BC6-8420-C8C498E433A4}
		{A771F01B-69C2-4F4F-AC0C-50FA0D646662} = {539C81A4-ACAD-4711-BDE1-C0AD825BC00F}
		{22F46899-3FBA-4DCA-8747-893E0288CB5E} = {F65150E2-A43E-4308-84BA-436EEE0DE569}
		{4C2D1D9B-DBFC-4412-B756-7E823EA50102} = {539C81A4-ACAD-4711-BDE1-C0AD825BC00F}
		{782E7B65-2FAE-4BE1-AAB8-C43EDF07E632} = {6928798A-A8E4-4768-9665-3651226903B1}
		{AECFA335-CEA7-4732-8421-3399E3330C70} = {6928798A-A8E4-4768-9665-3651226903B1}
		{5EA55567-A6D8-43EB-9F1D-A0DCA3BF7CE6} = {6928798A-A8E4-4768-9665-3651226903B1}
		{8984C65B-E4C2-44D3-A96D-C5C9604FBF7D} = {5D885AB1-DFB2-410F-82A8-A8490E8FFFD4}
		{4C2762DE-A443-410A-8763-4CC7549EA3CB} = {5D885AB1-DFB2-410F-82A8-A8490E8FFFD4}
		{8FD32458-5CFF-44BE-A031-E6B2D2B0ED74} = {64D0DEDA-4623-4E06-914C-4EB4AE181263}
	EndGlobalSection
	GlobalSection(ExtensibilityGlobals) = postSolution
		SolutionGuid = {D1161694-1EBB-4E3D-B311-89EE8666CAE8}
	EndGlobalSection
EndGlobal
